
Microsoft Visual Studio Solution File, Format Version 12.00
# Visual Studio 15
VisualStudioVersion = 15.0.27428.2011
MinimumVisualStudioVersion = 10.0.40219.1
Project("{FAE04EC0-301F-11D3-BF4B-00C04F79EFBC}") = "ChessBeta", "ChessBeta\ChessBeta.csproj", "{7E7835CF-5F03-45DF-85EB-C6C501349E3A}"
EndProject
Project("{FAE04EC0-301F-11D3-BF4B-00C04F79EFBC}") = "Engine", "Engine\Engine.csproj", "{13D02813-9EF9-4A32-866F-B602F7AD1BBE}"
EndProject
Global
	GlobalSection(SolutionConfigurationPlatforms) = preSolution
		Debug|Any CPU = Debug|Any CPU
		Release|Any CPU = Release|Any CPU
	EndGlobalSection
	GlobalSection(ProjectConfigurationPlatforms) = postSolution
		{7E7835CF-5F03-45DF-85EB-C6C501349E3A}.Debug|Any CPU.ActiveCfg = Debug|Any CPU
		{7E7835CF-5F03-45DF-85EB-C6C501349E3A}.Debug|Any CPU.Build.0 = Debug|Any CPU
		{7E7835CF-5F03-45DF-85EB-C6C501349E3A}.Release|Any CPU.ActiveCfg = Release|Any CPU
		{7E7835CF-5F03-45DF-85EB-C6C501349E3A}.Release|Any CPU.Build.0 = Release|Any CPU
		{13D02813-9EF9-4A32-866F-B602F7AD1BBE}.Debug|Any CPU.ActiveCfg = Debug|Any CPU
		{13D02813-9EF9-4A32-866F-B602F7AD1BBE}.Debug|Any CPU.Build.0 = Debug|Any CPU
		{13D02813-9EF9-4A32-866F-B602F7AD1BBE}.Release|Any CPU.ActiveCfg = Release|Any CPU
		{13D02813-9EF9-4A32-866F-B602F7AD1BBE}.Release|Any CPU.Build.0 = Release|Any CPU
	EndGlobalSection
	GlobalSection(SolutionProperties) = preSolution
		HideSolutionNode = FALSE
	EndGlobalSection
	GlobalSection(ExtensibilityGlobals) = postSolution
		SolutionGuid = {318A7C7F-1B71-4C94-995E-E27DF4C7BF36}
	EndGlobalSection
EndGlobal
